
Microsoft Visual Studio Solution File, Format Version 12.00
# Visual Studio 15
VisualStudioVersion = 15.0.25807.0
MinimumVisualStudioVersion = 10.0.40219.1
Project("{2150E333-8FDC-42A3-9474-1A3956D46DE8}") = "Engine", "Engine", "{154B189B-D617-4718-9208-365EE0499B10}"
EndProject
Project("{2150E333-8FDC-42A3-9474-1A3956D46DE8}") = "Games", "Games", "{CCD550D2-D63E-4425-AD96-99EC43DBE8AA}"
EndProject
Project("{8BC9CEB8-8B4A-11D0-8D11-00A0C91BC942}") = "UE4", "Intermediate\ProjectFiles\UE4.vcxproj", "{9E47EC7A-C19C-41FD-A6EE-55CD93EEBB7B}"
EndProject
Project("{8BC9CEB8-8B4A-11D0-8D11-00A0C91BC942}") = "ArchitectureExplorer", "Intermediate\ProjectFiles\ArchitectureExplorer.vcxproj", "{6D5ADC77-3EEA-4E5F-9849-54BBBDCCEDFB}"
EndProject
Project("{2150E333-8FDC-42A3-9474-1A3956D46DE8}") = "Visualizers", "Visualizers", "{90365B4B-E77F-4B01-A35B-E3B06C0B3CC6}"
	ProjectSection(SolutionItems) = preProject
		..\..\..\..\..\..\Program Files\Epic Games\UE_4.24\Engine\Extras\VisualStudioDebugging\UE4.natvis = ..\..\..\..\..\..\Program Files\Epic Games\UE_4.24\Engine\Extras\VisualStudioDebugging\UE4.natvis
	EndProjectSection
EndProject
Global
	GlobalSection(SolutionConfigurationPlatforms) = preSolution
		DebugGame Editor|Android = DebugGame Editor|Android
		DebugGame Editor|Win32 = DebugGame Editor|Win32
		DebugGame Editor|Win64 = DebugGame Editor|Win64
		DebugGame|Android = DebugGame|Android
		DebugGame|Win32 = DebugGame|Win32
		DebugGame|Win64 = DebugGame|Win64
		Development Editor|Android = Development Editor|Android
		Development Editor|Win32 = Development Editor|Win32
		Development Editor|Win64 = Development Editor|Win64
		Development|Android = Development|Android
		Development|Win32 = Development|Win32
		Development|Win64 = Development|Win64
		Shipping|Android = Shipping|Android
		Shipping|Win32 = Shipping|Win32
		Shipping|Win64 = Shipping|Win64
	EndGlobalSection
	GlobalSection(ProjectConfigurationPlatforms) = postSolution
		{9E47EC7A-C19C-41FD-A6EE-55CD93EEBB7B}.DebugGame Editor|Android.ActiveCfg = BuiltWithUnrealBuildTool|Win32
		{9E47EC7A-C19C-41FD-A6EE-55CD93EEBB7B}.DebugGame Editor|Win32.ActiveCfg = BuiltWithUnrealBuildTool|Win32
		{9E47EC7A-C19C-41FD-A6EE-55CD93EEBB7B}.DebugGame Editor|Win64.ActiveCfg = BuiltWithUnrealBuildTool|Win32
		{9E47EC7A-C19C-41FD-A6EE-55CD93EEBB7B}.DebugGame|Android.ActiveCfg = BuiltWithUnrealBuildTool|Win32
		{9E47EC7A-C19C-41FD-A6EE-55CD93EEBB7B}.DebugGame|Win32.ActiveCfg = BuiltWithUnrealBuildTool|Win32
		{9E47EC7A-C19C-41FD-A6EE-55CD93EEBB7B}.DebugGame|Win64.ActiveCfg = BuiltWithUnrealBuildTool|Win32
		{9E47EC7A-C19C-41FD-A6EE-55CD93EEBB7B}.Development Editor|Android.ActiveCfg = BuiltWithUnrealBuildTool|Win32
		{9E47EC7A-C19C-41FD-A6EE-55CD93EEBB7B}.Development Editor|Win32.ActiveCfg = BuiltWithUnrealBuildTool|Win32
		{9E47EC7A-C19C-41FD-A6EE-55CD93EEBB7B}.Development Editor|Win64.ActiveCfg = BuiltWithUnrealBuildTool|Win32
		{9E47EC7A-C19C-41FD-A6EE-55CD93EEBB7B}.Development|Android.ActiveCfg = BuiltWithUnrealBuildTool|Win32
		{9E47EC7A-C19C-41FD-A6EE-55CD93EEBB7B}.Development|Win32.ActiveCfg = BuiltWithUnrealBuildTool|Win32
		{9E47EC7A-C19C-41FD-A6EE-55CD93EEBB7B}.Development|Win64.ActiveCfg = BuiltWithUnrealBuildTool|Win32
		{9E47EC7A-C19C-41FD-A6EE-55CD93EEBB7B}.Shipping|Android.ActiveCfg = BuiltWithUnrealBuildTool|Win32
		{9E47EC7A-C19C-41FD-A6EE-55CD93EEBB7B}.Shipping|Win32.ActiveCfg = BuiltWithUnrealBuildTool|Win32
		{9E47EC7A-C19C-41FD-A6EE-55CD93EEBB7B}.Shipping|Win64.ActiveCfg = BuiltWithUnrealBuildTool|Win32
		{6D5ADC77-3EEA-4E5F-9849-54BBBDCCEDFB}.DebugGame Editor|Android.ActiveCfg = Invalid|Win32
		{6D5ADC77-3EEA-4E5F-9849-54BBBDCCEDFB}.DebugGame Editor|Win32.ActiveCfg = Invalid|Win32
		{6D5ADC77-3EEA-4E5F-9849-54BBBDCCEDFB}.DebugGame Editor|Win64.ActiveCfg = DebugGame_Editor|x64
		{6D5ADC77-3EEA-4E5F-9849-54BBBDCCEDFB}.DebugGame Editor|Win64.Build.0 = DebugGame_Editor|x64
		{6D5ADC77-3EEA-4E5F-9849-54BBBDCCEDFB}.DebugGame|Android.ActiveCfg = Android_DebugGame|Win32
		{6D5ADC77-3EEA-4E5F-9849-54BBBDCCEDFB}.DebugGame|Android.Build.0 = Android_DebugGame|Win32
		{6D5ADC77-3EEA-4E5F-9849-54BBBDCCEDFB}.DebugGame|Win32.ActiveCfg = DebugGame|Win32
		{6D5ADC77-3EEA-4E5F-9849-54BBBDCCEDFB}.DebugGame|Win32.Build.0 = DebugGame|Win32
		{6D5ADC77-3EEA-4E5F-9849-54BBBDCCEDFB}.DebugGame|Win64.ActiveCfg = DebugGame|x64
		{6D5ADC77-3EEA-4E5F-9849-54BBBDCCEDFB}.DebugGame|Win64.Build.0 = DebugGame|x64
		{6D5ADC77-3EEA-4E5F-9849-54BBBDCCEDFB}.Development Editor|Android.ActiveCfg = Invalid|Win32
		{6D5ADC77-3EEA-4E5F-9849-54BBBDCCEDFB}.Development Editor|Win32.ActiveCfg = Invalid|Win32
		{6D5ADC77-3EEA-4E5F-9849-54BBBDCCEDFB}.Development Editor|Win64.ActiveCfg = Development_Editor|x64
		{6D5ADC77-3EEA-4E5F-9849-54BBBDCCEDFB}.Development Editor|Win64.Build.0 = Development_Editor|x64
		{6D5ADC77-3EEA-4E5F-9849-54BBBDCCEDFB}.Development|Android.ActiveCfg = Android_Development|Win32
		{6D5ADC77-3EEA-4E5F-9849-54BBBDCCEDFB}.Development|Android.Build.0 = Android_Development|Win32
		{6D5ADC77-3EEA-4E5F-9849-54BBBDCCEDFB}.Development|Win32.ActiveCfg = Development|Win32
		{6D5ADC77-3EEA-4E5F-9849-54BBBDCCEDFB}.Development|Win32.Build.0 = Development|Win32
		{6D5ADC77-3EEA-4E5F-9849-54BBBDCCEDFB}.Development|Win64.ActiveCfg = Development|x64
		{6D5ADC77-3EEA-4E5F-9849-54BBBDCCEDFB}.Development|Win64.Build.0 = Development|x64
		{6D5ADC77-3EEA-4E5F-9849-54BBBDCCEDFB}.Shipping|Android.ActiveCfg = Android_Shipping|Win32
		{6D5ADC77-3EEA-4E5F-9849-54BBBDCCEDFB}.Shipping|Android.Build.0 = Android_Shipping|Win32
		{6D5ADC77-3EEA-4E5F-9849-54BBBDCCEDFB}.Shipping|Win32.ActiveCfg = Shipping|Win32
		{6D5ADC77-3EEA-4E5F-9849-54BBBDCCEDFB}.Shipping|Win32.Build.0 = Shipping|Win32
		{6D5ADC77-3EEA-4E5F-9849-54BBBDCCEDFB}.Shipping|Win64.ActiveCfg = Shipping|x64
		{6D5ADC77-3EEA-4E5F-9849-54BBBDCCEDFB}.Shipping|Win64.Build.0 = Shipping|x64
	EndGlobalSection
	GlobalSection(SolutionProperties) = preSolution
		HideSolutionNode = FALSE
	EndGlobalSection
	GlobalSection(NestedProjects) = preSolution
		{9E47EC7A-C19C-41FD-A6EE-55CD93EEBB7B} = {154B189B-D617-4718-9208-365EE0499B10}
		{6D5ADC77-3EEA-4E5F-9849-54BBBDCCEDFB} = {CCD550D2-D63E-4425-AD96-99EC43DBE8AA}
	EndGlobalSection
EndGlobal
